// !$*UTF8*$!
{
	archiveVersion = 1;
	classes = {
	};
	objectVersion = 46;
	objects = {

/* Begin PBXBuildFile section */
		182D124E1B6A46DB004605F4 /* AppDelegate.swift in Sources */ = {isa = PBXBuildFile; fileRef = 182D124D1B6A46DB004605F4 /* AppDelegate.swift */; };
		182D12511B6A46DB004605F4 /* text.xcdatamodeld in Sources */ = {isa = PBXBuildFile; fileRef = 182D124F1B6A46DB004605F4 /* text.xcdatamodeld */; };
		182D12531B6A46DB004605F4 /* ViewController.swift in Sources */ = {isa = PBXBuildFile; fileRef = 182D12521B6A46DB004605F4 /* ViewController.swift */; };
		182D12561B6A46DB004605F4 /* Main.storyboard in Resources */ = {isa = PBXBuildFile; fileRef = 182D12541B6A46DB004605F4 /* Main.storyboard */; };
		182D12581B6A46DB004605F4 /* Images.xcassets in Resources */ = {isa = PBXBuildFile; fileRef = 182D12571B6A46DB004605F4 /* Images.xcassets */; };
		182D125B1B6A46DB004605F4 /* LaunchScreen.xib in Resources */ = {isa = PBXBuildFile; fileRef = 182D12591B6A46DB004605F4 /* LaunchScreen.xib */; };
		182D12671B6A46DB004605F4 /* textTests.swift in Sources */ = {isa = PBXBuildFile; fileRef = 182D12661B6A46DB004605F4 /* textTests.swift */; };
		182D12831B6A46EC004605F4 /* IQNSArray+Sort.swift in Sources */ = {isa = PBXBuildFile; fileRef = 182D12721B6A46EC004605F4 /* IQNSArray+Sort.swift */; };
		182D12841B6A46EC004605F4 /* IQUIView+Hierarchy.swift in Sources */ = {isa = PBXBuildFile; fileRef = 182D12731B6A46EC004605F4 /* IQUIView+Hierarchy.swift */; };
		182D12851B6A46EC004605F4 /* IQUIWindow+Hierarchy.swift in Sources */ = {isa = PBXBuildFile; fileRef = 182D12741B6A46EC004605F4 /* IQUIWindow+Hierarchy.swift */; };
		182D12861B6A46EC004605F4 /* IQKeyboardManagerConstants.swift in Sources */ = {isa = PBXBuildFile; fileRef = 182D12761B6A46EC004605F4 /* IQKeyboardManagerConstants.swift */; };
		182D12871B6A46EC004605F4 /* IQKeyboardManagerConstantsInternal.swift in Sources */ = {isa = PBXBuildFile; fileRef = 182D12771B6A46EC004605F4 /* IQKeyboardManagerConstantsInternal.swift */; };
		182D12881B6A46EC004605F4 /* IQKeyboardManager.swift in Sources */ = {isa = PBXBuildFile; fileRef = 182D12781B6A46EC004605F4 /* IQKeyboardManager.swift */; };
		182D12891B6A46EC004605F4 /* IQKeyboardReturnKeyHandler.swift in Sources */ = {isa = PBXBuildFile; fileRef = 182D12791B6A46EC004605F4 /* IQKeyboardReturnKeyHandler.swift */; };
		182D128A1B6A46EC004605F4 /* IQTextView.swift in Sources */ = {isa = PBXBuildFile; fileRef = 182D127B1B6A46EC004605F4 /* IQTextView.swift */; };
		182D128B1B6A46EC004605F4 /* IQBarButtonItem.swift in Sources */ = {isa = PBXBuildFile; fileRef = 182D127D1B6A46EC004605F4 /* IQBarButtonItem.swift */; };
		182D128C1B6A46EC004605F4 /* IQTitleBarButtonItem.swift in Sources */ = {isa = PBXBuildFile; fileRef = 182D127E1B6A46EC004605F4 /* IQTitleBarButtonItem.swift */; };
		182D128D1B6A46EC004605F4 /* IQToolbar.swift in Sources */ = {isa = PBXBuildFile; fileRef = 182D127F1B6A46EC004605F4 /* IQToolbar.swift */; };
		182D128E1B6A46EC004605F4 /* IQUIView+IQKeyboardToolbar.swift in Sources */ = {isa = PBXBuildFile; fileRef = 182D12801B6A46EC004605F4 /* IQUIView+IQKeyboardToolbar.swift */; };
		182D128F1B6A46EC004605F4 /* IQKeyboardManager.bundle in Resources */ = {isa = PBXBuildFile; fileRef = 182D12821B6A46EC004605F4 /* IQKeyboardManager.bundle */; };
		182D12911B6A473D004605F4 /* CustomCell.swift in Sources */ = {isa = PBXBuildFile; fileRef = 182D12901B6A473D004605F4 /* CustomCell.swift */; };
/* End PBXBuildFile section */

/* Begin PBXContainerItemProxy section */
		182D12611B6A46DB004605F4 /* PBXContainerItemProxy */ = {
			isa = PBXContainerItemProxy;
			containerPortal = 182D12401B6A46DB004605F4 /* Project object */;
			proxyType = 1;
			remoteGlobalIDString = 182D12471B6A46DB004605F4;
			remoteInfo = text;
		};
/* End PBXContainerItemProxy section */

/* Begin PBXFileReference section */
		182D12481B6A46DB004605F4 /* text.app */ = {isa = PBXFileReference; explicitFileType = wrapper.application; includeInIndex = 0; path = text.app; sourceTree = BUILT_PRODUCTS_DIR; };
		182D124C1B6A46DB004605F4 /* Info.plist */ = {isa = PBXFileReference; lastKnownFileType = text.plist.xml; path = Info.plist; sourceTree = "<group>"; };
		182D124D1B6A46DB004605F4 /* AppDelegate.swift */ = {isa = PBXFileReference; lastKnownFileType = sourcecode.swift; path = AppDelegate.swift; sourceTree = "<group>"; };
		182D12501B6A46DB004605F4 /* text.xcdatamodel */ = {isa = PBXFileReference; lastKnownFileType = wrapper.xcdatamodel; path = text.xcdatamodel; sourceTree = "<group>"; };
		182D12521B6A46DB004605F4 /* ViewController.swift */ = {isa = PBXFileReference; lastKnownFileType = sourcecode.swift; path = ViewController.swift; sourceTree = "<group>"; };
		182D12551B6A46DB004605F4 /* Base */ = {isa = PBXFileReference; lastKnownFileType = file.storyboard; name = Base; path = Base.lproj/Main.storyboard; sourceTree = "<group>"; };
		182D12571B6A46DB004605F4 /* Images.xcassets */ = {isa = PBXFileReference; lastKnownFileType = folder.assetcatalog; path = Images.xcassets; sourceTree = "<group>"; };
		182D125A1B6A46DB004605F4 /* Base */ = {isa = PBXFileReference; lastKnownFileType = file.xib; name = Base; path = Base.lproj/LaunchScreen.xib; sourceTree = "<group>"; };
		182D12601B6A46DB004605F4 /* textTests.xctest */ = {isa = PBXFileReference; explicitFileType = wrapper.cfbundle; includeInIndex = 0; path = textTests.xctest; sourceTree = BUILT_PRODUCTS_DIR; };
		182D12651B6A46DB004605F4 /* Info.plist */ = {isa = PBXFileReference; lastKnownFileType = text.plist.xml; path = Info.plist; sourceTree = "<group>"; };
		182D12661B6A46DB004605F4 /* textTests.swift */ = {isa = PBXFileReference; lastKnownFileType = sourcecode.swift; path = textTests.swift; sourceTree = "<group>"; };
		182D12721B6A46EC004605F4 /* IQNSArray+Sort.swift */ = {isa = PBXFileReference; fileEncoding = 4; lastKnownFileType = sourcecode.swift; path = "IQNSArray+Sort.swift"; sourceTree = "<group>"; };
		182D12731B6A46EC004605F4 /* IQUIView+Hierarchy.swift */ = {isa = PBXFileReference; fileEncoding = 4; lastKnownFileType = sourcecode.swift; path = "IQUIView+Hierarchy.swift"; sourceTree = "<group>"; };
		182D12741B6A46EC004605F4 /* IQUIWindow+Hierarchy.swift */ = {isa = PBXFileReference; fileEncoding = 4; lastKnownFileType = sourcecode.swift; path = "IQUIWindow+Hierarchy.swift"; sourceTree = "<group>"; };
		182D12761B6A46EC004605F4 /* IQKeyboardManagerConstants.swift */ = {isa = PBXFileReference; fileEncoding = 4; lastKnownFileType = sourcecode.swift; path = IQKeyboardManagerConstants.swift; sourceTree = "<group>"; };
		182D12771B6A46EC004605F4 /* IQKeyboardManagerConstantsInternal.swift */ = {isa = PBXFileReference; fileEncoding = 4; lastKnownFileType = sourcecode.swift; path = IQKeyboardManagerConstantsInternal.swift; sourceTree = "<group>"; };
		182D12781B6A46EC004605F4 /* IQKeyboardManager.swift */ = {isa = PBXFileReference; fileEncoding = 4; lastKnownFileType = sourcecode.swift; path = IQKeyboardManager.swift; sourceTree = "<group>"; };
		182D12791B6A46EC004605F4 /* IQKeyboardReturnKeyHandler.swift */ = {isa = PBXFileReference; fileEncoding = 4; lastKnownFileType = sourcecode.swift; path = IQKeyboardReturnKeyHandler.swift; sourceTree = "<group>"; };
		182D127B1B6A46EC004605F4 /* IQTextView.swift */ = {isa = PBXFileReference; fileEncoding = 4; lastKnownFileType = sourcecode.swift; path = IQTextView.swift; sourceTree = "<group>"; };
		182D127D1B6A46EC004605F4 /* IQBarButtonItem.swift */ = {isa = PBXFileReference; fileEncoding = 4; lastKnownFileType = sourcecode.swift; path = IQBarButtonItem.swift; sourceTree = "<group>"; };
		182D127E1B6A46EC004605F4 /* IQTitleBarButtonItem.swift */ = {isa = PBXFileReference; fileEncoding = 4; lastKnownFileType = sourcecode.swift; path = IQTitleBarButtonItem.swift; sourceTree = "<group>"; };
		182D127F1B6A46EC004605F4 /* IQToolbar.swift */ = {isa = PBXFileReference; fileEncoding = 4; lastKnownFileType = sourcecode.swift; path = IQToolbar.swift; sourceTree = "<group>"; };
		182D12801B6A46EC004605F4 /* IQUIView+IQKeyboardToolbar.swift */ = {isa = PBXFileReference; fileEncoding = 4; lastKnownFileType = sourcecode.swift; path = "IQUIView+IQKeyboardToolbar.swift"; sourceTree = "<group>"; };
		182D12821B6A46EC004605F4 /* IQKeyboardManager.bundle */ = {isa = PBXFileReference; lastKnownFileType = "wrapper.plug-in"; path = IQKeyboardManager.bundle; sourceTree = "<group>"; };
		182D12901B6A473D004605F4 /* CustomCell.swift */ = {isa = PBXFileReference; fileEncoding = 4; lastKnownFileType = sourcecode.swift; path = CustomCell.swift; sourceTree = "<group>"; };
/* End PBXFileReference section */

/* Begin PBXFrameworksBuildPhase section */
		182D12451B6A46DB004605F4 /* Frameworks */ = {
			isa = PBXFrameworksBuildPhase;
			buildActionMask = 2147483647;
			files = (
			);
			runOnlyForDeploymentPostprocessing = 0;
		};
		182D125D1B6A46DB004605F4 /* Frameworks */ = {
			isa = PBXFrameworksBuildPhase;
			buildActionMask = 2147483647;
			files = (
			);
			runOnlyForDeploymentPostprocessing = 0;
		};
/* End PBXFrameworksBuildPhase section */

/* Begin PBXGroup section */
		182D123F1B6A46DB004605F4 = {
			isa = PBXGroup;
			children = (
				182D124A1B6A46DB004605F4 /* text */,
				182D12631B6A46DB004605F4 /* textTests */,
				182D12491B6A46DB004605F4 /* Products */,
			);
			sourceTree = "<group>";
		};
		182D12491B6A46DB004605F4 /* Products */ = {
			isa = PBXGroup;
			children = (
				182D12481B6A46DB004605F4 /* text.app */,
				182D12601B6A46DB004605F4 /* textTests.xctest */,
			);
			name = Products;
			sourceTree = "<group>";
		};
		182D124A1B6A46DB004605F4 /* text */ = {
			isa = PBXGroup;
			children = (
				182D12701B6A46EC004605F4 /* IQKeybordManagerSwift */,
				182D124D1B6A46DB004605F4 /* AppDelegate.swift */,
				182D12521B6A46DB004605F4 /* ViewController.swift */,
				182D12901B6A473D004605F4 /* CustomCell.swift */,
				182D12541B6A46DB004605F4 /* Main.storyboard */,
				182D12571B6A46DB004605F4 /* Images.xcassets */,
				182D12591B6A46DB004605F4 /* LaunchScreen.xib */,
				182D124F1B6A46DB004605F4 /* text.xcdatamodeld */,
				182D124B1B6A46DB004605F4 /* Supporting Files */,
			);
			path = text;
			sourceTree = "<group>";
		};
		182D124B1B6A46DB004605F4 /* Supporting Files */ = {
			isa = PBXGroup;
			children = (
				182D124C1B6A46DB004605F4 /* Info.plist */,
			);
			name = "Supporting Files";
			sourceTree = "<group>";
		};
		182D12631B6A46DB004605F4 /* textTests */ = {
			isa = PBXGroup;
			children = (
				182D12661B6A46DB004605F4 /* textTests.swift */,
				182D12641B6A46DB004605F4 /* Supporting Files */,
			);
			path = textTests;
			sourceTree = "<group>";
		};
		182D12641B6A46DB004605F4 /* Supporting Files */ = {
			isa = PBXGroup;
			children = (
				182D12651B6A46DB004605F4 /* Info.plist */,
			);
			name = "Supporting Files";
			sourceTree = "<group>";
		};
		182D12701B6A46EC004605F4 /* IQKeybordManagerSwift */ = {
			isa = PBXGroup;
			children = (
				182D12711B6A46EC004605F4 /* Categories */,
				182D12751B6A46EC004605F4 /* Constants */,
				182D12781B6A46EC004605F4 /* IQKeyboardManager.swift */,
				182D12791B6A46EC004605F4 /* IQKeyboardReturnKeyHandler.swift */,
				182D127A1B6A46EC004605F4 /* IQTextView */,
				182D127C1B6A46EC004605F4 /* IQToolbar */,
				182D12811B6A46EC004605F4 /* Resources */,
			);
			path = IQKeybordManagerSwift;
			sourceTree = "<group>";
		};
		182D12711B6A46EC004605F4 /* Categories */ = {
			isa = PBXGroup;
			children = (
				182D12721B6A46EC004605F4 /* IQNSArray+Sort.swift */,
				182D12731B6A46EC004605F4 /* IQUIView+Hierarchy.swift */,
				182D12741B6A46EC004605F4 /* IQUIWindow+Hierarchy.swift */,
			);
			path = Categories;
			sourceTree = "<group>";
		};
		182D12751B6A46EC004605F4 /* Constants */ = {
			isa = PBXGroup;
			children = (
				182D12761B6A46EC004605F4 /* IQKeyboardManagerConstants.swift */,
				182D12771B6A46EC004605F4 /* IQKeyboardManagerConstantsInternal.swift */,
			);
			path = Constants;
			sourceTree = "<group>";
		};
		182D127A1B6A46EC004605F4 /* IQTextView */ = {
			isa = PBXGroup;
			children = (
				182D127B1B6A46EC004605F4 /* IQTextView.swift */,
			);
			path = IQTextView;
			sourceTree = "<group>";
		};
		182D127C1B6A46EC004605F4 /* IQToolbar */ = {
			isa = PBXGroup;
			children = (
				182D127D1B6A46EC004605F4 /* IQBarButtonItem.swift */,
				182D127E1B6A46EC004605F4 /* IQTitleBarButtonItem.swift */,
				182D127F1B6A46EC004605F4 /* IQToolbar.swift */,
				182D12801B6A46EC004605F4 /* IQUIView+IQKeyboardToolbar.swift */,
			);
			path = IQToolbar;
			sourceTree = "<group>";
		};
		182D12811B6A46EC004605F4 /* Resources */ = {
			isa = PBXGroup;
			children = (
				182D12821B6A46EC004605F4 /* IQKeyboardManager.bundle */,
			);
			path = Resources;
			sourceTree = "<group>";
		};
/* End PBXGroup section */

/* Begin PBXNativeTarget section */
		182D12471B6A46DB004605F4 /* text */ = {
			isa = PBXNativeTarget;
			buildConfigurationList = 182D126A1B6A46DB004605F4 /* Build configuration list for PBXNativeTarget "text" */;
			buildPhases = (
				182D12441B6A46DB004605F4 /* Sources */,
				182D12451B6A46DB004605F4 /* Frameworks */,
				182D12461B6A46DB004605F4 /* Resources */,
			);
			buildRules = (
			);
			dependencies = (
			);
			name = text;
			productName = text;
			productReference = 182D12481B6A46DB004605F4 /* text.app */;
			productType = "com.apple.product-type.application";
		};
		182D125F1B6A46DB004605F4 /* textTests */ = {
			isa = PBXNativeTarget;
			buildConfigurationList = 182D126D1B6A46DB004605F4 /* Build configuration list for PBXNativeTarget "textTests" */;
			buildPhases = (
				182D125C1B6A46DB004605F4 /* Sources */,
				182D125D1B6A46DB004605F4 /* Frameworks */,
				182D125E1B6A46DB004605F4 /* Resources */,
			);
			buildRules = (
			);
			dependencies = (
				182D12621B6A46DB004605F4 /* PBXTargetDependency */,
			);
			name = textTests;
			productName = textTests;
			productReference = 182D12601B6A46DB004605F4 /* textTests.xctest */;
			productType = "com.apple.product-type.bundle.unit-test";
		};
/* End PBXNativeTarget section */

/* Begin PBXProject section */
		182D12401B6A46DB004605F4 /* Project object */ = {
			isa = PBXProject;
			attributes = {
				LastUpgradeCheck = 0630;
				ORGANIZATIONNAME = apple;
				TargetAttributes = {
					182D12471B6A46DB004605F4 = {
						CreatedOnToolsVersion = 6.3;
					};
					182D125F1B6A46DB004605F4 = {
						CreatedOnToolsVersion = 6.3;
						TestTargetID = 182D12471B6A46DB004605F4;
					};
				};
			};
			buildConfigurationList = 182D12431B6A46DB004605F4 /* Build configuration list for PBXProject "text" */;
			compatibilityVersion = "Xcode 3.2";
			developmentRegion = English;
			hasScannedForEncodings = 0;
			knownRegions = (
				en,
				Base,
			);
			mainGroup = 182D123F1B6A46DB004605F4;
			productRefGroup = 182D12491B6A46DB004605F4 /* Products */;
			projectDirPath = "";
			projectRoot = "";
			targets = (
				182D12471B6A46DB004605F4 /* text */,
				182D125F1B6A46DB004605F4 /* textTests */,
			);
		};
/* End PBXProject section */

/* Begin PBXResourcesBuildPhase section */
		182D12461B6A46DB004605F4 /* Resources */ = {
			isa = PBXResourcesBuildPhase;
			buildActionMask = 2147483647;
			files = (
				182D12561B6A46DB004605F4 /* Main.storyboard in Resources */,
				182D125B1B6A46DB004605F4 /* LaunchScreen.xib in Resources */,
				182D128F1B6A46EC004605F4 /* IQKeyboardManager.bundle in Resources */,
				182D12581B6A46DB004605F4 /* Images.xcassets in Resources */,
			);
			runOnlyForDeploymentPostprocessing = 0;
		};
		182D125E1B6A46DB004605F4 /* Resources */ = {
			isa = PBXResourcesBuildPhase;
			buildActionMask = 2147483647;
			files = (
			);
			runOnlyForDeploymentPostprocessing = 0;
		};
/* End PBXResourcesBuildPhase section */

/* Begin PBXSourcesBuildPhase section */
		182D12441B6A46DB004605F4 /* Sources */ = {
			isa = PBXSourcesBuildPhase;
			buildActionMask = 2147483647;
			files = (
				182D12831B6A46EC004605F4 /* IQNSArray+Sort.swift in Sources */,
				182D128D1B6A46EC004605F4 /* IQToolbar.swift in Sources */,
				182D12861B6A46EC004605F4 /* IQKeyboardManagerConstants.swift in Sources */,
				182D128E1B6A46EC004605F4 /* IQUIView+IQKeyboardToolbar.swift in Sources */,
				182D128C1B6A46EC004605F4 /* IQTitleBarButtonItem.swift in Sources */,
				182D12531B6A46DB004605F4 /* ViewController.swift in Sources */,
				182D12911B6A473D004605F4 /* CustomCell.swift in Sources */,
				182D12871B6A46EC004605F4 /* IQKeyboardManagerConstantsInternal.swift in Sources */,
				182D12511B6A46DB004605F4 /* text.xcdatamodeld in Sources */,
				182D12851B6A46EC004605F4 /* IQUIWindow+Hierarchy.swift in Sources */,
				182D128B1B6A46EC004605F4 /* IQBarButtonItem.swift in Sources */,
				182D12891B6A46EC004605F4 /* IQKeyboardReturnKeyHandler.swift in Sources */,
				182D12881B6A46EC004605F4 /* IQKeyboardManager.swift in Sources */,
				182D128A1B6A46EC004605F4 /* IQTextView.swift in Sources */,
				182D12841B6A46EC004605F4 /* IQUIView+Hierarchy.swift in Sources */,
				182D124E1B6A46DB004605F4 /* AppDelegate.swift in Sources */,
			);
			runOnlyForDeploymentPostprocessing = 0;
		};
		182D125C1B6A46DB004605F4 /* Sources */ = {
			isa = PBXSourcesBuildPhase;
			buildActionMask = 2147483647;
			files = (
				182D12671B6A46DB004605F4 /* textTests.swift in Sources */,
			);
			runOnlyForDeploymentPostprocessing = 0;
		};
/* End PBXSourcesBuildPhase section */

/* Begin PBXTargetDependency section */
		182D12621B6A46DB004605F4 /* PBXTargetDependency */ = {
			isa = PBXTargetDependency;
			target = 182D12471B6A46DB004605F4 /* text */;
			targetProxy = 182D12611B6A46DB004605F4 /* PBXContainerItemProxy */;
		};
/* End PBXTargetDependency section */

/* Begin PBXVariantGroup section */
		182D12541B6A46DB004605F4 /* Main.storyboard */ = {
			isa = PBXVariantGroup;
			children = (
				182D12551B6A46DB004605F4 /* Base */,
			);
			name = Main.storyboard;
			sourceTree = "<group>";
		};
		182D12591B6A46DB004605F4 /* LaunchScreen.xib */ = {
			isa = PBXVariantGroup;
			children = (
				182D125A1B6A46DB004605F4 /* Base */,
			);
			name = LaunchScreen.xib;
			sourceTree = "<group>";
		};
/* End PBXVariantGroup section */

/* Begin XCBuildConfiguration section */
		182D12681B6A46DB004605F4 /* Debug */ = {
			isa = XCBuildConfiguration;
			buildSettings = {
				ALWAYS_SEARCH_USER_PATHS = NO;
				CLANG_CXX_LANGUAGE_STANDARD = "gnu++0x";
				CLANG_CXX_LIBRARY = "libc++";
				CLANG_ENABLE_MODULES = YES;
				CLANG_ENABLE_OBJC_ARC = YES;
				CLANG_WARN_BOOL_CONVERSION = YES;
				CLANG_WARN_CONSTANT_CONVERSION = YES;
				CLANG_WARN_DIRECT_OBJC_ISA_USAGE = YES_ERROR;
				CLANG_WARN_EMPTY_BODY = YES;
				CLANG_WARN_ENUM_CONVERSION = YES;
				CLANG_WARN_INT_CONVERSION = YES;
				CLANG_WARN_OBJC_ROOT_CLASS = YES_ERROR;
				CLANG_WARN_UNREACHABLE_CODE = YES;
				CLANG_WARN__DUPLICATE_METHOD_MATCH = YES;
				"CODE_SIGN_IDENTITY[sdk=iphoneos*]" = "iPhone Developer";
				COPY_PHASE_STRIP = NO;
				DEBUG_INFORMATION_FORMAT = "dwarf-with-dsym";
				ENABLE_STRICT_OBJC_MSGSEND = YES;
				GCC_C_LANGUAGE_STANDARD = gnu99;
				GCC_DYNAMIC_NO_PIC = NO;
				GCC_NO_COMMON_BLOCKS = YES;
				GCC_OPTIMIZATION_LEVEL = 0;
				GCC_PREPROCESSOR_DEFINITIONS = (
					"DEBUG=1",
					"$(inherited)",
				);
				GCC_SYMBOLS_PRIVATE_EXTERN = NO;
				GCC_WARN_64_TO_32_BIT_CONVERSION = YES;
				GCC_WARN_ABOUT_RETURN_TYPE = YES_ERROR;
				GCC_WARN_UNDECLARED_SELECTOR = YES;
				GCC_WARN_UNINITIALIZED_AUTOS = YES_AGGRESSIVE;
				GCC_WARN_UNUSED_FUNCTION = YES;
				GCC_WARN_UNUSED_VARIABLE = YES;
				IPHONEOS_DEPLOYMENT_TARGET = 8.3;
				MTL_ENABLE_DEBUG_INFO = YES;
				ONLY_ACTIVE_ARCH = YES;
				SDKROOT = iphoneos;
				SWIFT_OPTIMIZATION_LEVEL = "-Onone";
				TARGETED_DEVICE_FAMILY = "1,2";
			};
			name = Debug;
		};
		182D12691B6A46DB004605F4 /* Release */ = {
			isa = XCBuildConfiguration;
			buildSettings = {
				ALWAYS_SEARCH_USER_PATHS = NO;
				CLANG_CXX_LANGUAGE_STANDARD = "gnu++0x";
				CLANG_CXX_LIBRARY = "libc++";
				CLANG_ENABLE_MODULES = YES;
				CLANG_ENABLE_OBJC_ARC = YES;
				CLANG_WARN_BOOL_CONVERSION = YES;
				CLANG_WARN_CONSTANT_CONVERSION = YES;
				CLANG_WARN_DIRECT_OBJC_ISA_USAGE = YES_ERROR;
				CLANG_WARN_EMPTY_BODY = YES;
				CLANG_WARN_ENUM_CONVERSION = YES;
				CLANG_WARN_INT_CONVERSION = YES;
				CLANG_WARN_OBJC_ROOT_CLASS = YES_ERROR;
				CLANG_WARN_UNREACHABLE_CODE = YES;
				CLANG_WARN__DUPLICATE_METHOD_MATCH = YES;
				"CODE_SIGN_IDENTITY[sdk=iphoneos*]" = "iPhone Developer";
				COPY_PHASE_STRIP = NO;
				DEBUG_INFORMATION_FORMAT = "dwarf-with-dsym";
				ENABLE_NS_ASSERTIONS = NO;
				ENABLE_STRICT_OBJC_MSGSEND = YES;
				GCC_C_LANGUAGE_STANDARD = gnu99;
				GCC_NO_COMMON_BLOCKS = YES;
				GCC_WARN_64_TO_32_BIT_CONVERSION = YES;
				GCC_WARN_ABOUT_RETURN_TYPE = YES_ERROR;
				GCC_WARN_UNDECLARED_SELECTOR = YES;
				GCC_WARN_UNINITIALIZED_AUTOS = YES_AGGRESSIVE;
				GCC_WARN_UNUSED_FUNCTION = YES;
				GCC_WARN_UNUSED_VARIABLE = YES;
				IPHONEOS_DEPLOYMENT_TARGET = 8.3;
				MTL_ENABLE_DEBUG_INFO = NO;
				SDKROOT = iphoneos;
				TARGETED_DEVICE_FAMILY = "1,2";
				VALIDATE_PRODUCT = YES;
			};
			name = Release;
		};
		182D126B1B6A46DB004605F4 /* Debug */ = {
			isa = XCBuildConfiguration;
			buildSettings = {
				ASSETCATALOG_COMPILER_APPICON_NAME = AppIcon;
				INFOPLIST_FILE = text/Info.plist;
				LD_RUNPATH_SEARCH_PATHS = "$(inherited) @executable_path/Frameworks";
				PRODUCT_NAME = "$(TARGET_NAME)";
			};
			name = Debug;
		};
		182D126C1B6A46DB004605F4 /* Release */ = {
			isa = XCBuildConfiguration;
			buildSettings = {
				ASSETCATALOG_COMPILER_APPICON_NAME = AppIcon;
				INFOPLIST_FILE = text/Info.plist;
				LD_RUNPATH_SEARCH_PATHS = "$(inherited) @executable_path/Frameworks";
				PRODUCT_NAME = "$(TARGET_NAME)";
			};
			name = Release;
		};
		182D126E1B6A46DB004605F4 /* Debug */ = {
			isa = XCBuildConfiguration;
			buildSettings = {
				BUNDLE_LOADER = "$(TEST_HOST)";
				FRAMEWORK_SEARCH_PATHS = (
					"$(SDKROOT)/Developer/Library/Frameworks",
					"$(inherited)",
				);
				GCC_PREPROCESSOR_DEFINITIONS = (
					"DEBUG=1",
					"$(inherited)",
				);
				INFOPLIST_FILE = textTests/Info.plist;
				LD_RUNPATH_SEARCH_PATHS = "$(inherited) @executable_path/Frameworks @loader_path/Frameworks";
				PRODUCT_NAME = "$(TARGET_NAME)";
				TEST_HOST = "$(BUILT_PRODUCTS_DIR)/text.app/text";
			};
			name = Debug;
		};
		182D126F1B6A46DB004605F4 /* Release */ = {
			isa = XCBuildConfiguration;
			buildSettings = {
				BUNDLE_LOADER = "$(TEST_HOST)";
				FRAMEWORK_SEARCH_PATHS = (
					"$(SDKROOT)/Developer/Library/Frameworks",
					"$(inherited)",
				);
				INFOPLIST_FILE = textTests/Info.plist;
				LD_RUNPATH_SEARCH_PATHS = "$(inherited) @executable_path/Frameworks @loader_path/Frameworks";
				PRODUCT_NAME = "$(TARGET_NAME)";
				TEST_HOST = "$(BUILT_PRODUCTS_DIR)/text.app/text";
			};
			name = Release;
		};
/* End XCBuildConfiguration section */

/* Begin XCConfigurationList section */
		182D12431B6A46DB004605F4 /* Build configuration list for PBXProject "text" */ = {
			isa = XCConfigurationList;
			buildConfigurations = (
				182D12681B6A46DB004605F4 /* Debug */,
				182D12691B6A46DB004605F4 /* Release */,
			);
			defaultConfigurationIsVisible = 0;
			defaultConfigurationName = Release;
		};
		182D126A1B6A46DB004605F4 /* Build configuration list for PBXNativeTarget "text" */ = {
			isa = XCConfigurationList;
			buildConfigurations = (
				182D126B1B6A46DB004605F4 /* Debug */,
				182D126C1B6A46DB004605F4 /* Release */,
			);
			defaultConfigurationIsVisible = 0;
		};
		182D126D1B6A46DB004605F4 /* Build configuration list for PBXNativeTarget "textTests" */ = {
			isa = XCConfigurationList;
			buildConfigurations = (
				182D126E1B6A46DB004605F4 /* Debug */,
				182D126F1B6A46DB004605F4 /* Release */,
			);
			defaultConfigurationIsVisible = 0;
		};
/* End XCConfigurationList section */

/* Begin XCVersionGroup section */
		182D124F1B6A46DB004605F4 /* text.xcdatamodeld */ = {
			isa = XCVersionGroup;
			children = (
				182D12501B6A46DB004605F4 /* text.xcdatamodel */,
			);
			currentVersion = 182D12501B6A46DB004605F4 /* text.xcdatamodel */;
			path = text.xcdatamodeld;
			sourceTree = "<group>";
			versionGroupType = wrapper.xcdatamodel;
		};
/* End XCVersionGroup section */
	};
	rootObject = 182D12401B6A46DB004605F4 /* Project object */;
}
